// !$*UTF8*$!
{
	archiveVersion = 1;
	classes = {
	};
	objectVersion = 50;
	objects = {

/* Begin PBXBuildFile section */
		EA1E4A0B22123AFD002470D8 /* AppDelegate.swift in Sources */ = {isa = PBXBuildFile; fileRef = EA1E4A0A22123AFD002470D8 /* AppDelegate.swift */; };
		EA1E4A0D22123AFD002470D8 /* ViewController.swift in Sources */ = {isa = PBXBuildFile; fileRef = EA1E4A0C22123AFD002470D8 /* ViewController.swift */; };
		EA1E4A1022123AFD002470D8 /* Main.storyboard in Resources */ = {isa = PBXBuildFile; fileRef = EA1E4A0E22123AFD002470D8 /* Main.storyboard */; };
		EA1E4A1222123B02002470D8 /* Assets.xcassets in Resources */ = {isa = PBXBuildFile; fileRef = EA1E4A1122123B02002470D8 /* Assets.xcassets */; };
		EA1E4A1522123B02002470D8 /* LaunchScreen.storyboard in Resources */ = {isa = PBXBuildFile; fileRef = EA1E4A1322123B02002470D8 /* LaunchScreen.storyboard */; };
		EA1E4A2022123B02002470D8 /* parstagramTests.swift in Sources */ = {isa = PBXBuildFile; fileRef = EA1E4A1F22123B02002470D8 /* parstagramTests.swift */; };
		EA1E4A2B22123B02002470D8 /* parstagramUITests.swift in Sources */ = {isa = PBXBuildFile; fileRef = EA1E4A2A22123B02002470D8 /* parstagramUITests.swift */; };
/* End PBXBuildFile section */

/* Begin PBXContainerItemProxy section */
		EA1E4A1C22123B02002470D8 /* PBXContainerItemProxy */ = {
			isa = PBXContainerItemProxy;
			containerPortal = EA1E49FF22123AFC002470D8 /* Project object */;
			proxyType = 1;
			remoteGlobalIDString = EA1E4A0622123AFD002470D8;
			remoteInfo = parstagram;
		};
		EA1E4A2722123B02002470D8 /* PBXContainerItemProxy */ = {
			isa = PBXContainerItemProxy;
			containerPortal = EA1E49FF22123AFC002470D8 /* Project object */;
			proxyType = 1;
			remoteGlobalIDString = EA1E4A0622123AFD002470D8;
			remoteInfo = parstagram;
		};
/* End PBXContainerItemProxy section */

/* Begin PBXFileReference section */
		EA1E4A0722123AFD002470D8 /* parstagram.app */ = {isa = PBXFileReference; explicitFileType = wrapper.application; includeInIndex = 0; path = parstagram.app; sourceTree = BUILT_PRODUCTS_DIR; };
		EA1E4A0A22123AFD002470D8 /* AppDelegate.swift */ = {isa = PBXFileReference; lastKnownFileType = sourcecode.swift; path = AppDelegate.swift; sourceTree = "<group>"; };
		EA1E4A0C22123AFD002470D8 /* ViewController.swift */ = {isa = PBXFileReference; lastKnownFileType = sourcecode.swift; path = ViewController.swift; sourceTree = "<group>"; };
		EA1E4A0F22123AFD002470D8 /* Base */ = {isa = PBXFileReference; lastKnownFileType = file.storyboard; name = Base; path = Base.lproj/Main.storyboard; sourceTree = "<group>"; };
		EA1E4A1122123B02002470D8 /* Assets.xcassets */ = {isa = PBXFileReference; lastKnownFileType = folder.assetcatalog; path = Assets.xcassets; sourceTree = "<group>"; };
		EA1E4A1422123B02002470D8 /* Base */ = {isa = PBXFileReference; lastKnownFileType = file.storyboard; name = Base; path = Base.lproj/LaunchScreen.storyboard; sourceTree = "<group>"; };
		EA1E4A1622123B02002470D8 /* Info.plist */ = {isa = PBXFileReference; lastKnownFileType = text.plist.xml; path = Info.plist; sourceTree = "<group>"; };
		EA1E4A1B22123B02002470D8 /* parstagramTests.xctest */ = {isa = PBXFileReference; explicitFileType = wrapper.cfbundle; includeInIndex = 0; path = parstagramTests.xctest; sourceTree = BUILT_PRODUCTS_DIR; };
		EA1E4A1F22123B02002470D8 /* parstagramTests.swift */ = {isa = PBXFileReference; lastKnownFileType = sourcecode.swift; path = parstagramTests.swift; sourceTree = "<group>"; };
		EA1E4A2122123B02002470D8 /* Info.plist */ = {isa = PBXFileReference; lastKnownFileType = text.plist.xml; path = Info.plist; sourceTree = "<group>"; };
		EA1E4A2622123B02002470D8 /* parstagramUITests.xctest */ = {isa = PBXFileReference; explicitFileType = wrapper.cfbundle; includeInIndex = 0; path = parstagramUITests.xctest; sourceTree = BUILT_PRODUCTS_DIR; };
		EA1E4A2A22123B02002470D8 /* parstagramUITests.swift */ = {isa = PBXFileReference; lastKnownFileType = sourcecode.swift; path = parstagramUITests.swift; sourceTree = "<group>"; };
		EA1E4A2C22123B02002470D8 /* Info.plist */ = {isa = PBXFileReference; lastKnownFileType = text.plist.xml; path = Info.plist; sourceTree = "<group>"; };
/* End PBXFileReference section */

/* Begin PBXFrameworksBuildPhase section */
		EA1E4A0422123AFD002470D8 /* Frameworks */ = {
			isa = PBXFrameworksBuildPhase;
			buildActionMask = 2147483647;
			files = (
			);
			runOnlyForDeploymentPostprocessing = 0;
		};
		EA1E4A1822123B02002470D8 /* Frameworks */ = {
			isa = PBXFrameworksBuildPhase;
			buildActionMask = 2147483647;
			files = (
			);
			runOnlyForDeploymentPostprocessing = 0;
		};
		EA1E4A2322123B02002470D8 /* Frameworks */ = {
			isa = PBXFrameworksBuildPhase;
			buildActionMask = 2147483647;
			files = (
			);
			runOnlyForDeploymentPostprocessing = 0;
		};
/* End PBXFrameworksBuildPhase section */

/* Begin PBXGroup section */
		EA1E49FE22123AFC002470D8 = {
			isa = PBXGroup;
			children = (
				EA1E4A0922123AFD002470D8 /* parstagram */,
				EA1E4A1E22123B02002470D8 /* parstagramTests */,
				EA1E4A2922123B02002470D8 /* parstagramUITests */,
				EA1E4A0822123AFD002470D8 /* Products */,
			);
			sourceTree = "<group>";
		};
		EA1E4A0822123AFD002470D8 /* Products */ = {
			isa = PBXGroup;
			children = (
				EA1E4A0722123AFD002470D8 /* parstagram.app */,
				EA1E4A1B22123B02002470D8 /* parstagramTests.xctest */,
				EA1E4A2622123B02002470D8 /* parstagramUITests.xctest */,
			);
			name = Products;
			sourceTree = "<group>";
		};
		EA1E4A0922123AFD002470D8 /* parstagram */ = {
			isa = PBXGroup;
			children = (
				EA1E4A0A22123AFD002470D8 /* AppDelegate.swift */,
				EA1E4A0C22123AFD002470D8 /* ViewController.swift */,
				EA1E4A0E22123AFD002470D8 /* Main.storyboard */,
				EA1E4A1122123B02002470D8 /* Assets.xcassets */,
				EA1E4A1322123B02002470D8 /* LaunchScreen.storyboard */,
				EA1E4A1622123B02002470D8 /* Info.plist */,
			);
			path = parstagram;
			sourceTree = "<group>";
		};
		EA1E4A1E22123B02002470D8 /* parstagramTests */ = {
			isa = PBXGroup;
			children = (
				EA1E4A1F22123B02002470D8 /* parstagramTests.swift */,
				EA1E4A2122123B02002470D8 /* Info.plist */,
			);
			path = parstagramTests;
			sourceTree = "<group>";
		};
		EA1E4A2922123B02002470D8 /* parstagramUITests */ = {
			isa = PBXGroup;
			children = (
				EA1E4A2A22123B02002470D8 /* parstagramUITests.swift */,
				EA1E4A2C22123B02002470D8 /* Info.plist */,
			);
			path = parstagramUITests;
			sourceTree = "<group>";
		};
/* End PBXGroup section */

/* Begin PBXNativeTarget section */
		EA1E4A0622123AFD002470D8 /* parstagram */ = {
			isa = PBXNativeTarget;
			buildConfigurationList = EA1E4A2F22123B02002470D8 /* Build configuration list for PBXNativeTarget "parstagram" */;
			buildPhases = (
				EA1E4A0322123AFD002470D8 /* Sources */,
				EA1E4A0422123AFD002470D8 /* Frameworks */,
				EA1E4A0522123AFD002470D8 /* Resources */,
			);
			buildRules = (
			);
			dependencies = (
			);
			name = parstagram;
			productName = parstagram;
			productReference = EA1E4A0722123AFD002470D8 /* parstagram.app */;
			productType = "com.apple.product-type.application";
		};
		EA1E4A1A22123B02002470D8 /* parstagramTests */ = {
			isa = PBXNativeTarget;
			buildConfigurationList = EA1E4A3222123B02002470D8 /* Build configuration list for PBXNativeTarget "parstagramTests" */;
			buildPhases = (
				EA1E4A1722123B02002470D8 /* Sources */,
				EA1E4A1822123B02002470D8 /* Frameworks */,
				EA1E4A1922123B02002470D8 /* Resources */,
			);
			buildRules = (
			);
			dependencies = (
				EA1E4A1D22123B02002470D8 /* PBXTargetDependency */,
			);
			name = parstagramTests;
			productName = parstagramTests;
			productReference = EA1E4A1B22123B02002470D8 /* parstagramTests.xctest */;
			productType = "com.apple.product-type.bundle.unit-test";
		};
		EA1E4A2522123B02002470D8 /* parstagramUITests */ = {
			isa = PBXNativeTarget;
			buildConfigurationList = EA1E4A3522123B02002470D8 /* Build configuration list for PBXNativeTarget "parstagramUITests" */;
			buildPhases = (
				EA1E4A2222123B02002470D8 /* Sources */,
				EA1E4A2322123B02002470D8 /* Frameworks */,
				EA1E4A2422123B02002470D8 /* Resources */,
			);
			buildRules = (
			);
			dependencies = (
				EA1E4A2822123B02002470D8 /* PBXTargetDependency */,
			);
			name = parstagramUITests;
			productName = parstagramUITests;
			productReference = EA1E4A2622123B02002470D8 /* parstagramUITests.xctest */;
			productType = "com.apple.product-type.bundle.ui-testing";
		};
/* End PBXNativeTarget section */

/* Begin PBXProject section */
		EA1E49FF22123AFC002470D8 /* Project object */ = {
			isa = PBXProject;
			attributes = {
				LastSwiftUpdateCheck = 1010;
				LastUpgradeCheck = 1010;
				ORGANIZATIONNAME = "Alex Rich";
				TargetAttributes = {
					EA1E4A0622123AFD002470D8 = {
						CreatedOnToolsVersion = 10.1;
					};
					EA1E4A1A22123B02002470D8 = {
						CreatedOnToolsVersion = 10.1;
						TestTargetID = EA1E4A0622123AFD002470D8;
					};
					EA1E4A2522123B02002470D8 = {
						CreatedOnToolsVersion = 10.1;
						TestTargetID = EA1E4A0622123AFD002470D8;
					};
				};
			};
			buildConfigurationList = EA1E4A0222123AFC002470D8 /* Build configuration list for PBXProject "parstagram" */;
			compatibilityVersion = "Xcode 9.3";
			developmentRegion = en;
			hasScannedForEncodings = 0;
			knownRegions = (
				en,
				Base,
			);
			mainGroup = EA1E49FE22123AFC002470D8;
			productRefGroup = EA1E4A0822123AFD002470D8 /* Products */;
			projectDirPath = "";
			projectRoot = "";
			targets = (
				EA1E4A0622123AFD002470D8 /* parstagram */,
				EA1E4A1A22123B02002470D8 /* parstagramTests */,
				EA1E4A2522123B02002470D8 /* parstagramUITests */,
			);
		};
/* End PBXProject section */

/* Begin PBXResourcesBuildPhase section */
		EA1E4A0522123AFD002470D8 /* Resources */ = {
			isa = PBXResourcesBuildPhase;
			buildActionMask = 2147483647;
			files = (
				EA1E4A1522123B02002470D8 /* LaunchScreen.storyboard in Resources */,
				EA1E4A1222123B02002470D8 /* Assets.xcassets in Resources */,
				EA1E4A1022123AFD002470D8 /* Main.storyboard in Resources */,
			);
			runOnlyForDeploymentPostprocessing = 0;
		};
		EA1E4A1922123B02002470D8 /* Resources */ = {
			isa = PBXResourcesBuildPhase;
			buildActionMask = 2147483647;
			files = (
			);
			runOnlyForDeploymentPostprocessing = 0;
		};
		EA1E4A2422123B02002470D8 /* Resources */ = {
			isa = PBXResourcesBuildPhase;
			buildActionMask = 2147483647;
			files = (
			);
			runOnlyForDeploymentPostprocessing = 0;
		};
/* End PBXResourcesBuildPhase section */

/* Begin PBXSourcesBuildPhase section */
		EA1E4A0322123AFD002470D8 /* Sources */ = {
			isa = PBXSourcesBuildPhase;
			buildActionMask = 2147483647;
			files = (
				EA1E4A0D22123AFD002470D8 /* ViewController.swift in Sources */,
				EA1E4A0B22123AFD002470D8 /* AppDelegate.swift in Sources */,
			);
			runOnlyForDeploymentPostprocessing = 0;
		};
		EA1E4A1722123B02002470D8 /* Sources */ = {
			isa = PBXSourcesBuildPhase;
			buildActionMask = 2147483647;
			files = (
				EA1E4A2022123B02002470D8 /* parstagramTests.swift in Sources */,
			);
			runOnlyForDeploymentPostprocessing = 0;
		};
		EA1E4A2222123B02002470D8 /* Sources */ = {
			isa = PBXSourcesBuildPhase;
			buildActionMask = 2147483647;
			files = (
				EA1E4A2B22123B02002470D8 /* parstagramUITests.swift in Sources */,
			);
			runOnlyForDeploymentPostprocessing = 0;
		};
/* End PBXSourcesBuildPhase section */

/* Begin PBXTargetDependency section */
		EA1E4A1D22123B02002470D8 /* PBXTargetDependency */ = {
			isa = PBXTargetDependency;
			target = EA1E4A0622123AFD002470D8 /* parstagram */;
			targetProxy = EA1E4A1C22123B02002470D8 /* PBXContainerItemProxy */;
		};
		EA1E4A2822123B02002470D8 /* PBXTargetDependency */ = {
			isa = PBXTargetDependency;
			target = EA1E4A0622123AFD002470D8 /* parstagram */;
			targetProxy = EA1E4A2722123B02002470D8 /* PBXContainerItemProxy */;
		};
/* End PBXTargetDependency section */

/* Begin PBXVariantGroup section */
		EA1E4A0E22123AFD002470D8 /* Main.storyboard */ = {
			isa = PBXVariantGroup;
			children = (
				EA1E4A0F22123AFD002470D8 /* Base */,
			);
			name = Main.storyboard;
			sourceTree = "<group>";
		};
		EA1E4A1322123B02002470D8 /* LaunchScreen.storyboard */ = {
			isa = PBXVariantGroup;
			children = (
				EA1E4A1422123B02002470D8 /* Base */,
			);
			name = LaunchScreen.storyboard;
			sourceTree = "<group>";
		};
/* End PBXVariantGroup section */

/* Begin XCBuildConfiguration section */
		EA1E4A2D22123B02002470D8 /* Debug */ = {
			isa = XCBuildConfiguration;
			buildSettings = {
				ALWAYS_SEARCH_USER_PATHS = NO;
				CLANG_ANALYZER_NONNULL = YES;
				CLANG_ANALYZER_NUMBER_OBJECT_CONVERSION = YES_AGGRESSIVE;
				CLANG_CXX_LANGUAGE_STANDARD = "gnu++14";
				CLANG_CXX_LIBRARY = "libc++";
				CLANG_ENABLE_MODULES = YES;
				CLANG_ENABLE_OBJC_ARC = YES;
				CLANG_ENABLE_OBJC_WEAK = YES;
				CLANG_WARN_BLOCK_CAPTURE_AUTORELEASING = YES;
				CLANG_WARN_BOOL_CONVERSION = YES;
				CLANG_WARN_COMMA = YES;
				CLANG_WARN_CONSTANT_CONVERSION = YES;
				CLANG_WARN_DEPRECATED_OBJC_IMPLEMENTATIONS = YES;
				CLANG_WARN_DIRECT_OBJC_ISA_USAGE = YES_ERROR;
				CLANG_WARN_DOCUMENTATION_COMMENTS = YES;
				CLANG_WARN_EMPTY_BODY = YES;
				CLANG_WARN_ENUM_CONVERSION = YES;
				CLANG_WARN_INFINITE_RECURSION = YES;
				CLANG_WARN_INT_CONVERSION = YES;
				CLANG_WARN_NON_LITERAL_NULL_CONVERSION = YES;
				CLANG_WARN_OBJC_IMPLICIT_RETAIN_SELF = YES;
				CLANG_WARN_OBJC_LITERAL_CONVERSION = YES;
				CLANG_WARN_OBJC_ROOT_CLASS = YES_ERROR;
				CLANG_WARN_RANGE_LOOP_ANALYSIS = YES;
				CLANG_WARN_STRICT_PROTOTYPES = YES;
				CLANG_WARN_SUSPICIOUS_MOVE = YES;
				CLANG_WARN_UNGUARDED_AVAILABILITY = YES_AGGRESSIVE;
				CLANG_WARN_UNREACHABLE_CODE = YES;
				CLANG_WARN__DUPLICATE_METHOD_MATCH = YES;
				CODE_SIGN_IDENTITY = "iPhone Developer";
				COPY_PHASE_STRIP = NO;
				DEBUG_INFORMATION_FORMAT = dwarf;
				ENABLE_STRICT_OBJC_MSGSEND = YES;
				ENABLE_TESTABILITY = YES;
				GCC_C_LANGUAGE_STANDARD = gnu11;
				GCC_DYNAMIC_NO_PIC = NO;
				GCC_NO_COMMON_BLOCKS = YES;
				GCC_OPTIMIZATION_LEVEL = 0;
				GCC_PREPROCESSOR_DEFINITIONS = (
					"DEBUG=1",
					"$(inherited)",
				);
				GCC_WARN_64_TO_32_BIT_CONVERSION = YES;
				GCC_WARN_ABOUT_RETURN_TYPE = YES_ERROR;
				GCC_WARN_UNDECLARED_SELECTOR = YES;
				GCC_WARN_UNINITIALIZED_AUTOS = YES_AGGRESSIVE;
				GCC_WARN_UNUSED_FUNCTION = YES;
				GCC_WARN_UNUSED_VARIABLE = YES;
				IPHONEOS_DEPLOYMENT_TARGET = 12.1;
				MTL_ENABLE_DEBUG_INFO = INCLUDE_SOURCE;
				MTL_FAST_MATH = YES;
				ONLY_ACTIVE_ARCH = YES;
				SDKROOT = iphoneos;
				SWIFT_ACTIVE_COMPILATION_CONDITIONS = DEBUG;
				SWIFT_OPTIMIZATION_LEVEL = "-Onone";
			};
			name = Debug;
		};
		EA1E4A2E22123B02002470D8 /* Release */ = {
			isa = XCBuildConfiguration;
			buildSettings = {
				ALWAYS_SEARCH_USER_PATHS = NO;
				CLANG_ANALYZER_NONNULL = YES;
				CLANG_ANALYZER_NUMBER_OBJECT_CONVERSION = YES_AGGRESSIVE;
				CLANG_CXX_LANGUAGE_STANDARD = "gnu++14";
				CLANG_CXX_LIBRARY = "libc++";
				CLANG_ENABLE_MODULES = YES;
				CLANG_ENABLE_OBJC_ARC = YES;
				CLANG_ENABLE_OBJC_WEAK = YES;
				CLANG_WARN_BLOCK_CAPTURE_AUTORELEASING = YES;
				CLANG_WARN_BOOL_CONVERSION = YES;
				CLANG_WARN_COMMA = YES;
				CLANG_WARN_CONSTANT_CONVERSION = YES;
				CLANG_WARN_DEPRECATED_OBJC_IMPLEMENTATIONS = YES;
				CLANG_WARN_DIRECT_OBJC_ISA_USAGE = YES_ERROR;
				CLANG_WARN_DOCUMENTATION_COMMENTS = YES;
				CLANG_WARN_EMPTY_BODY = YES;
				CLANG_WARN_ENUM_CONVERSION = YES;
				CLANG_WARN_INFINITE_RECURSION = YES;
				CLANG_WARN_INT_CONVERSION = YES;
				CLANG_WARN_NON_LITERAL_NULL_CONVERSION = YES;
				CLANG_WARN_OBJC_IMPLICIT_RETAIN_SELF = YES;
				CLANG_WARN_OBJC_LITERAL_CONVERSION = YES;
				CLANG_WARN_OBJC_ROOT_CLASS = YES_ERROR;
				CLANG_WARN_RANGE_LOOP_ANALYSIS = YES;
				CLANG_WARN_STRICT_PROTOTYPES = YES;
				CLANG_WARN_SUSPICIOUS_MOVE = YES;
				CLANG_WARN_UNGUARDED_AVAILABILITY = YES_AGGRESSIVE;
				CLANG_WARN_UNREACHABLE_CODE = YES;
				CLANG_WARN__DUPLICATE_METHOD_MATCH = YES;
				CODE_SIGN_IDENTITY = "iPhone Developer";
				COPY_PHASE_STRIP = NO;
				DEBUG_INFORMATION_FORMAT = "dwarf-with-dsym";
				ENABLE_NS_ASSERTIONS = NO;
				ENABLE_STRICT_OBJC_MSGSEND = YES;
				GCC_C_LANGUAGE_STANDARD = gnu11;
				GCC_NO_COMMON_BLOCKS = YES;
				GCC_WARN_64_TO_32_BIT_CONVERSION = YES;
				GCC_WARN_ABOUT_RETURN_TYPE = YES_ERROR;
				GCC_WARN_UNDECLARED_SELECTOR = YES;
				GCC_WARN_UNINITIALIZED_AUTOS = YES_AGGRESSIVE;
				GCC_WARN_UNUSED_FUNCTION = YES;
				GCC_WARN_UNUSED_VARIABLE = YES;
				IPHONEOS_DEPLOYMENT_TARGET = 12.1;
				MTL_ENABLE_DEBUG_INFO = NO;
				MTL_FAST_MATH = YES;
				SDKROOT = iphoneos;
				SWIFT_COMPILATION_MODE = wholemodule;
				SWIFT_OPTIMIZATION_LEVEL = "-O";
				VALIDATE_PRODUCT = YES;
			};
			name = Release;
		};
		EA1E4A3022123B02002470D8 /* Debug */ = {
			isa = XCBuildConfiguration;
			buildSettings = {
				ASSETCATALOG_COMPILER_APPICON_NAME = AppIcon;
				CODE_SIGN_STYLE = Automatic;
				INFOPLIST_FILE = parstagram/Info.plist;
				LD_RUNPATH_SEARCH_PATHS = (
					"$(inherited)",
					"@executable_path/Frameworks",
				);
				PRODUCT_BUNDLE_IDENTIFIER = com.arich00.parstagram;
				PRODUCT_NAME = "$(TARGET_NAME)";
				SWIFT_VERSION = 4.2;
				TARGETED_DEVICE_FAMILY = "1,2";
			};
			name = Debug;
		};
		EA1E4A3122123B02002470D8 /* Release */ = {
			isa = XCBuildConfiguration;
			buildSettings = {
				ASSETCATALOG_COMPILER_APPICON_NAME = AppIcon;
				CODE_SIGN_STYLE = Automatic;
				INFOPLIST_FILE = parstagram/Info.plist;
				LD_RUNPATH_SEARCH_PATHS = (
					"$(inherited)",
					"@executable_path/Frameworks",
				);
				PRODUCT_BUNDLE_IDENTIFIER = com.arich00.parstagram;
				PRODUCT_NAME = "$(TARGET_NAME)";
				SWIFT_VERSION = 4.2;
				TARGETED_DEVICE_FAMILY = "1,2";
			};
			name = Release;
		};
		EA1E4A3322123B02002470D8 /* Debug */ = {
			isa = XCBuildConfiguration;
			buildSettings = {
				ALWAYS_EMBED_SWIFT_STANDARD_LIBRARIES = YES;
				BUNDLE_LOADER = "$(TEST_HOST)";
				CODE_SIGN_STYLE = Automatic;
				INFOPLIST_FILE = parstagramTests/Info.plist;
				LD_RUNPATH_SEARCH_PATHS = (
					"$(inherited)",
					"@executable_path/Frameworks",
					"@loader_path/Frameworks",
				);
				PRODUCT_BUNDLE_IDENTIFIER = com.arich00.parstagramTests;
				PRODUCT_NAME = "$(TARGET_NAME)";
				SWIFT_VERSION = 4.2;
				TARGETED_DEVICE_FAMILY = "1,2";
				TEST_HOST = "$(BUILT_PRODUCTS_DIR)/parstagram.app/parstagram";
			};
			name = Debug;
		};
		EA1E4A3422123B02002470D8 /* Release */ = {
			isa = XCBuildConfiguration;
			buildSettings = {
				ALWAYS_EMBED_SWIFT_STANDARD_LIBRARIES = YES;
				BUNDLE_LOADER = "$(TEST_HOST)";
				CODE_SIGN_STYLE = Automatic;
				INFOPLIST_FILE = parstagramTests/Info.plist;
				LD_RUNPATH_SEARCH_PATHS = (
					"$(inherited)",
					"@executable_path/Frameworks",
					"@loader_path/Frameworks",
				);
				PRODUCT_BUNDLE_IDENTIFIER = com.arich00.parstagramTests;
				PRODUCT_NAME = "$(TARGET_NAME)";
				SWIFT_VERSION = 4.2;
				TARGETED_DEVICE_FAMILY = "1,2";
				TEST_HOST = "$(BUILT_PRODUCTS_DIR)/parstagram.app/parstagram";
			};
			name = Release;
		};
		EA1E4A3622123B02002470D8 /* Debug */ = {
			isa = XCBuildConfiguration;
			buildSettings = {
				ALWAYS_EMBED_SWIFT_STANDARD_LIBRARIES = YES;
				CODE_SIGN_STYLE = Automatic;
				INFOPLIST_FILE = parstagramUITests/Info.plist;
				LD_RUNPATH_SEARCH_PATHS = (
					"$(inherited)",
					"@executable_path/Frameworks",
					"@loader_path/Frameworks",
				);
				PRODUCT_BUNDLE_IDENTIFIER = com.arich00.parstagramUITests;
				PRODUCT_NAME = "$(TARGET_NAME)";
				SWIFT_VERSION = 4.2;
				TARGETED_DEVICE_FAMILY = "1,2";
				TEST_TARGET_NAME = parstagram;
			};
			name = Debug;
		};
		EA1E4A3722123B02002470D8 /* Release */ = {
			isa = XCBuildConfiguration;
			buildSettings = {
				ALWAYS_EMBED_SWIFT_STANDARD_LIBRARIES = YES;
				CODE_SIGN_STYLE = Automatic;
				INFOPLIST_FILE = parstagramUITests/Info.plist;
				LD_RUNPATH_SEARCH_PATHS = (
					"$(inherited)",
					"@executable_path/Frameworks",
					"@loader_path/Frameworks",
				);
				PRODUCT_BUNDLE_IDENTIFIER = com.arich00.parstagramUITests;
				PRODUCT_NAME = "$(TARGET_NAME)";
				SWIFT_VERSION = 4.2;
				TARGETED_DEVICE_FAMILY = "1,2";
				TEST_TARGET_NAME = parstagram;
			};
			name = Release;
		};
/* End XCBuildConfiguration section */

/* Begin XCConfigurationList section */
		EA1E4A0222123AFC002470D8 /* Build configuration list for PBXProject "parstagram" */ = {
			isa = XCConfigurationList;
			buildConfigurations = (
				EA1E4A2D22123B02002470D8 /* Debug */,
				EA1E4A2E22123B02002470D8 /* Release */,
			);
			defaultConfigurationIsVisible = 0;
			defaultConfigurationName = Release;
		};
		EA1E4A2F22123B02002470D8 /* Build configuration list for PBXNativeTarget "parstagram" */ = {
			isa = XCConfigurationList;
			buildConfigurations = (
				EA1E4A3022123B02002470D8 /* Debug */,
				EA1E4A3122123B02002470D8 /* Release */,
			);
			defaultConfigurationIsVisible = 0;
			defaultConfigurationName = Release;
		};
		EA1E4A3222123B02002470D8 /* Build configuration list for PBXNativeTarget "parstagramTests" */ = {
			isa = XCConfigurationList;
			buildConfigurations = (
				EA1E4A3322123B02002470D8 /* Debug */,
				EA1E4A3422123B02002470D8 /* Release */,
			);
			defaultConfigurationIsVisible = 0;
			defaultConfigurationName = Release;
		};
		EA1E4A3522123B02002470D8 /* Build configuration list for PBXNativeTarget "parstagramUITests" */ = {
			isa = XCConfigurationList;
			buildConfigurations = (
				EA1E4A3622123B02002470D8 /* Debug */,
				EA1E4A3722123B02002470D8 /* Release */,
			);
			defaultConfigurationIsVisible = 0;
			defaultConfigurationName = Release;
		};
/* End XCConfigurationList section */
	};
	rootObject = EA1E49FF22123AFC002470D8 /* Project object */;
}
