// !$*UTF8*$!
{
	archiveVersion = 1;
	classes = {
	};
	objectVersion = 50;
	objects = {

/* Begin PBXBuildFile section */
		0EFD859D9FB88A347DD3D57B /* Pods_parstagram.framework in Frameworks */ = {isa = PBXBuildFile; fileRef = 7481B1DC57D5396F58323572 /* Pods_parstagram.framework */; };
		71206D30FCDCE8690ECC282F /* Pods_parstagramUITests.framework in Frameworks */ = {isa = PBXBuildFile; fileRef = 229374D7E45712C6FB73D6CB /* Pods_parstagramUITests.framework */; };
		B19166BF934573E565CCCD19 /* Pods_parstagramTests.framework in Frameworks */ = {isa = PBXBuildFile; fileRef = 5753C91C34F47346A15853CF /* Pods_parstagramTests.framework */; };
		EA1E4A0B22123AFD002470D8 /* AppDelegate.swift in Sources */ = {isa = PBXBuildFile; fileRef = EA1E4A0A22123AFD002470D8 /* AppDelegate.swift */; };
		EA1E4A0D22123AFD002470D8 /* ViewController.swift in Sources */ = {isa = PBXBuildFile; fileRef = EA1E4A0C22123AFD002470D8 /* ViewController.swift */; };
		EA1E4A1022123AFD002470D8 /* Main.storyboard in Resources */ = {isa = PBXBuildFile; fileRef = EA1E4A0E22123AFD002470D8 /* Main.storyboard */; };
		EA1E4A1222123B02002470D8 /* Assets.xcassets in Resources */ = {isa = PBXBuildFile; fileRef = EA1E4A1122123B02002470D8 /* Assets.xcassets */; };
		EA1E4A1522123B02002470D8 /* LaunchScreen.storyboard in Resources */ = {isa = PBXBuildFile; fileRef = EA1E4A1322123B02002470D8 /* LaunchScreen.storyboard */; };
		EA1E4A2022123B02002470D8 /* parstagramTests.swift in Sources */ = {isa = PBXBuildFile; fileRef = EA1E4A1F22123B02002470D8 /* parstagramTests.swift */; };
		EA1E4A2B22123B02002470D8 /* parstagramUITests.swift in Sources */ = {isa = PBXBuildFile; fileRef = EA1E4A2A22123B02002470D8 /* parstagramUITests.swift */; };
		EA1E4A3922149E73002470D8 /* LoginViewController.swift in Sources */ = {isa = PBXBuildFile; fileRef = EA1E4A3822149E72002470D8 /* LoginViewController.swift */; };
		EA1E4A3B22149E98002470D8 /* FeedViewController.swift in Sources */ = {isa = PBXBuildFile; fileRef = EA1E4A3A22149E98002470D8 /* FeedViewController.swift */; };
		EA1E4A3D2214A82C002470D8 /* CameraViewController.swift in Sources */ = {isa = PBXBuildFile; fileRef = EA1E4A3C2214A82C002470D8 /* CameraViewController.swift */; };
		EAE2A49E222366B30012A4C5 /* CommentCell.swift in Sources */ = {isa = PBXBuildFile; fileRef = EAE2A49D222366B30012A4C5 /* CommentCell.swift */; };
		EAE2A4A0222367C40012A4C5 /* PostCell.swift in Sources */ = {isa = PBXBuildFile; fileRef = EAE2A49F222367C40012A4C5 /* PostCell.swift */; };
/* End PBXBuildFile section */

/* Begin PBXContainerItemProxy section */
		EA1E4A1C22123B02002470D8 /* PBXContainerItemProxy */ = {
			isa = PBXContainerItemProxy;
			containerPortal = EA1E49FF22123AFC002470D8 /* Project object */;
			proxyType = 1;
			remoteGlobalIDString = EA1E4A0622123AFD002470D8;
			remoteInfo = parstagram;
		};
		EA1E4A2722123B02002470D8 /* PBXContainerItemProxy */ = {
			isa = PBXContainerItemProxy;
			containerPortal = EA1E49FF22123AFC002470D8 /* Project object */;
			proxyType = 1;
			remoteGlobalIDString = EA1E4A0622123AFD002470D8;
			remoteInfo = parstagram;
		};
/* End PBXContainerItemProxy section */

/* Begin PBXFileReference section */
		229374D7E45712C6FB73D6CB /* Pods_parstagramUITests.framework */ = {isa = PBXFileReference; explicitFileType = wrapper.framework; includeInIndex = 0; path = Pods_parstagramUITests.framework; sourceTree = BUILT_PRODUCTS_DIR; };
		24FCE096B26919ADDEE29FFD /* Pods-parstagramUITests.debug.xcconfig */ = {isa = PBXFileReference; includeInIndex = 1; lastKnownFileType = text.xcconfig; name = "Pods-parstagramUITests.debug.xcconfig"; path = "Pods/Target Support Files/Pods-parstagramUITests/Pods-parstagramUITests.debug.xcconfig"; sourceTree = "<group>"; };
		3ABEEFB60AC187F8AADAACCF /* Pods-parstagram.debug.xcconfig */ = {isa = PBXFileReference; includeInIndex = 1; lastKnownFileType = text.xcconfig; name = "Pods-parstagram.debug.xcconfig"; path = "Pods/Target Support Files/Pods-parstagram/Pods-parstagram.debug.xcconfig"; sourceTree = "<group>"; };
		5753C91C34F47346A15853CF /* Pods_parstagramTests.framework */ = {isa = PBXFileReference; explicitFileType = wrapper.framework; includeInIndex = 0; path = Pods_parstagramTests.framework; sourceTree = BUILT_PRODUCTS_DIR; };
		7481B1DC57D5396F58323572 /* Pods_parstagram.framework */ = {isa = PBXFileReference; explicitFileType = wrapper.framework; includeInIndex = 0; path = Pods_parstagram.framework; sourceTree = BUILT_PRODUCTS_DIR; };
		B6F8BD84B7B3D3EE1FC754B7 /* Pods-parstagramTests.release.xcconfig */ = {isa = PBXFileReference; includeInIndex = 1; lastKnownFileType = text.xcconfig; name = "Pods-parstagramTests.release.xcconfig"; path = "Pods/Target Support Files/Pods-parstagramTests/Pods-parstagramTests.release.xcconfig"; sourceTree = "<group>"; };
		C6ABC3B24F85A60285E2181A /* Pods-parstagramTests.debug.xcconfig */ = {isa = PBXFileReference; includeInIndex = 1; lastKnownFileType = text.xcconfig; name = "Pods-parstagramTests.debug.xcconfig"; path = "Pods/Target Support Files/Pods-parstagramTests/Pods-parstagramTests.debug.xcconfig"; sourceTree = "<group>"; };
		DE256C92EC4AABE9B1C28059 /* Pods-parstagramUITests.release.xcconfig */ = {isa = PBXFileReference; includeInIndex = 1; lastKnownFileType = text.xcconfig; name = "Pods-parstagramUITests.release.xcconfig"; path = "Pods/Target Support Files/Pods-parstagramUITests/Pods-parstagramUITests.release.xcconfig"; sourceTree = "<group>"; };
		EA1E4A0722123AFD002470D8 /* parstagram.app */ = {isa = PBXFileReference; explicitFileType = wrapper.application; includeInIndex = 0; path = parstagram.app; sourceTree = BUILT_PRODUCTS_DIR; };
		EA1E4A0A22123AFD002470D8 /* AppDelegate.swift */ = {isa = PBXFileReference; lastKnownFileType = sourcecode.swift; path = AppDelegate.swift; sourceTree = "<group>"; };
		EA1E4A0C22123AFD002470D8 /* ViewController.swift */ = {isa = PBXFileReference; lastKnownFileType = sourcecode.swift; path = ViewController.swift; sourceTree = "<group>"; };
		EA1E4A0F22123AFD002470D8 /* Base */ = {isa = PBXFileReference; lastKnownFileType = file.storyboard; name = Base; path = Base.lproj/Main.storyboard; sourceTree = "<group>"; };
		EA1E4A1122123B02002470D8 /* Assets.xcassets */ = {isa = PBXFileReference; lastKnownFileType = folder.assetcatalog; path = Assets.xcassets; sourceTree = "<group>"; };
		EA1E4A1422123B02002470D8 /* Base */ = {isa = PBXFileReference; lastKnownFileType = file.storyboard; name = Base; path = Base.lproj/LaunchScreen.storyboard; sourceTree = "<group>"; };
		EA1E4A1622123B02002470D8 /* Info.plist */ = {isa = PBXFileReference; lastKnownFileType = text.plist.xml; path = Info.plist; sourceTree = "<group>"; };
		EA1E4A1B22123B02002470D8 /* parstagramTests.xctest */ = {isa = PBXFileReference; explicitFileType = wrapper.cfbundle; includeInIndex = 0; path = parstagramTests.xctest; sourceTree = BUILT_PRODUCTS_DIR; };
		EA1E4A1F22123B02002470D8 /* parstagramTests.swift */ = {isa = PBXFileReference; lastKnownFileType = sourcecode.swift; path = parstagramTests.swift; sourceTree = "<group>"; };
		EA1E4A2122123B02002470D8 /* Info.plist */ = {isa = PBXFileReference; lastKnownFileType = text.plist.xml; path = Info.plist; sourceTree = "<group>"; };
		EA1E4A2622123B02002470D8 /* parstagramUITests.xctest */ = {isa = PBXFileReference; explicitFileType = wrapper.cfbundle; includeInIndex = 0; path = parstagramUITests.xctest; sourceTree = BUILT_PRODUCTS_DIR; };
		EA1E4A2A22123B02002470D8 /* parstagramUITests.swift */ = {isa = PBXFileReference; lastKnownFileType = sourcecode.swift; path = parstagramUITests.swift; sourceTree = "<group>"; };
		EA1E4A2C22123B02002470D8 /* Info.plist */ = {isa = PBXFileReference; lastKnownFileType = text.plist.xml; path = Info.plist; sourceTree = "<group>"; };
		EA1E4A3822149E72002470D8 /* LoginViewController.swift */ = {isa = PBXFileReference; lastKnownFileType = sourcecode.swift; path = LoginViewController.swift; sourceTree = "<group>"; };
		EA1E4A3A22149E98002470D8 /* FeedViewController.swift */ = {isa = PBXFileReference; lastKnownFileType = sourcecode.swift; path = FeedViewController.swift; sourceTree = "<group>"; };
		EA1E4A3C2214A82C002470D8 /* CameraViewController.swift */ = {isa = PBXFileReference; lastKnownFileType = sourcecode.swift; path = CameraViewController.swift; sourceTree = "<group>"; };
		EAE2A49D222366B30012A4C5 /* CommentCell.swift */ = {isa = PBXFileReference; lastKnownFileType = sourcecode.swift; path = CommentCell.swift; sourceTree = "<group>"; };
		EAE2A49F222367C40012A4C5 /* PostCell.swift */ = {isa = PBXFileReference; lastKnownFileType = sourcecode.swift; path = PostCell.swift; sourceTree = "<group>"; };
		F4FE80FF6594F30FC37E6929 /* Pods-parstagram.release.xcconfig */ = {isa = PBXFileReference; includeInIndex = 1; lastKnownFileType = text.xcconfig; name = "Pods-parstagram.release.xcconfig"; path = "Pods/Target Support Files/Pods-parstagram/Pods-parstagram.release.xcconfig"; sourceTree = "<group>"; };
/* End PBXFileReference section */

/* Begin PBXFrameworksBuildPhase section */
		EA1E4A0422123AFD002470D8 /* Frameworks */ = {
			isa = PBXFrameworksBuildPhase;
			buildActionMask = 2147483647;
			files = (
				0EFD859D9FB88A347DD3D57B /* Pods_parstagram.framework in Frameworks */,
			);
			runOnlyForDeploymentPostprocessing = 0;
		};
		EA1E4A1822123B02002470D8 /* Frameworks */ = {
			isa = PBXFrameworksBuildPhase;
			buildActionMask = 2147483647;
			files = (
				B19166BF934573E565CCCD19 /* Pods_parstagramTests.framework in Frameworks */,
			);
			runOnlyForDeploymentPostprocessing = 0;
		};
		EA1E4A2322123B02002470D8 /* Frameworks */ = {
			isa = PBXFrameworksBuildPhase;
			buildActionMask = 2147483647;
			files = (
				71206D30FCDCE8690ECC282F /* Pods_parstagramUITests.framework in Frameworks */,
			);
			runOnlyForDeploymentPostprocessing = 0;
		};
/* End PBXFrameworksBuildPhase section */

/* Begin PBXGroup section */
		62667651C2DB5557256F6710 /* Frameworks */ = {
			isa = PBXGroup;
			children = (
				7481B1DC57D5396F58323572 /* Pods_parstagram.framework */,
				5753C91C34F47346A15853CF /* Pods_parstagramTests.framework */,
				229374D7E45712C6FB73D6CB /* Pods_parstagramUITests.framework */,
			);
			name = Frameworks;
			sourceTree = "<group>";
		};
		9C8AE7B66496311C8D92FBB2 /* Pods */ = {
			isa = PBXGroup;
			children = (
				3ABEEFB60AC187F8AADAACCF /* Pods-parstagram.debug.xcconfig */,
				F4FE80FF6594F30FC37E6929 /* Pods-parstagram.release.xcconfig */,
				C6ABC3B24F85A60285E2181A /* Pods-parstagramTests.debug.xcconfig */,
				B6F8BD84B7B3D3EE1FC754B7 /* Pods-parstagramTests.release.xcconfig */,
				24FCE096B26919ADDEE29FFD /* Pods-parstagramUITests.debug.xcconfig */,
				DE256C92EC4AABE9B1C28059 /* Pods-parstagramUITests.release.xcconfig */,
			);
			name = Pods;
			sourceTree = "<group>";
		};
		EA1E49FE22123AFC002470D8 = {
			isa = PBXGroup;
			children = (
				EA1E4A0922123AFD002470D8 /* parstagram */,
				EA1E4A1E22123B02002470D8 /* parstagramTests */,
				EA1E4A2922123B02002470D8 /* parstagramUITests */,
				EA1E4A0822123AFD002470D8 /* Products */,
				9C8AE7B66496311C8D92FBB2 /* Pods */,
				62667651C2DB5557256F6710 /* Frameworks */,
			);
			sourceTree = "<group>";
		};
		EA1E4A0822123AFD002470D8 /* Products */ = {
			isa = PBXGroup;
			children = (
				EA1E4A0722123AFD002470D8 /* parstagram.app */,
				EA1E4A1B22123B02002470D8 /* parstagramTests.xctest */,
				EA1E4A2622123B02002470D8 /* parstagramUITests.xctest */,
			);
			name = Products;
			sourceTree = "<group>";
		};
		EA1E4A0922123AFD002470D8 /* parstagram */ = {
			isa = PBXGroup;
			children = (
				EA1E4A0A22123AFD002470D8 /* AppDelegate.swift */,
				EA1E4A0C22123AFD002470D8 /* ViewController.swift */,
				EA1E4A0E22123AFD002470D8 /* Main.storyboard */,
				EA1E4A1122123B02002470D8 /* Assets.xcassets */,
				EA1E4A1322123B02002470D8 /* LaunchScreen.storyboard */,
				EA1E4A1622123B02002470D8 /* Info.plist */,
				EA1E4A3822149E72002470D8 /* LoginViewController.swift */,
				EA1E4A3A22149E98002470D8 /* FeedViewController.swift */,
				EA1E4A3C2214A82C002470D8 /* CameraViewController.swift */,
				EAE2A49D222366B30012A4C5 /* CommentCell.swift */,
				EAE2A49F222367C40012A4C5 /* PostCell.swift */,
			);
			path = parstagram;
			sourceTree = "<group>";
		};
		EA1E4A1E22123B02002470D8 /* parstagramTests */ = {
			isa = PBXGroup;
			children = (
				EA1E4A1F22123B02002470D8 /* parstagramTests.swift */,
				EA1E4A2122123B02002470D8 /* Info.plist */,
			);
			path = parstagramTests;
			sourceTree = "<group>";
		};
		EA1E4A2922123B02002470D8 /* parstagramUITests */ = {
			isa = PBXGroup;
			children = (
				EA1E4A2A22123B02002470D8 /* parstagramUITests.swift */,
				EA1E4A2C22123B02002470D8 /* Info.plist */,
			);
			path = parstagramUITests;
			sourceTree = "<group>";
		};
/* End PBXGroup section */

/* Begin PBXNativeTarget section */
		EA1E4A0622123AFD002470D8 /* parstagram */ = {
			isa = PBXNativeTarget;
			buildConfigurationList = EA1E4A2F22123B02002470D8 /* Build configuration list for PBXNativeTarget "parstagram" */;
			buildPhases = (
				4D2836D1D27278CBEAB3D10C /* [CP] Check Pods Manifest.lock */,
				EA1E4A0322123AFD002470D8 /* Sources */,
				EA1E4A0422123AFD002470D8 /* Frameworks */,
				EA1E4A0522123AFD002470D8 /* Resources */,
				1A3330555D61592857512913 /* [CP] Embed Pods Frameworks */,
			);
			buildRules = (
			);
			dependencies = (
			);
			name = parstagram;
			productName = parstagram;
			productReference = EA1E4A0722123AFD002470D8 /* parstagram.app */;
			productType = "com.apple.product-type.application";
		};
		EA1E4A1A22123B02002470D8 /* parstagramTests */ = {
			isa = PBXNativeTarget;
			buildConfigurationList = EA1E4A3222123B02002470D8 /* Build configuration list for PBXNativeTarget "parstagramTests" */;
			buildPhases = (
				D87A9A9A320D910E6FF0A5EA /* [CP] Check Pods Manifest.lock */,
				EA1E4A1722123B02002470D8 /* Sources */,
				EA1E4A1822123B02002470D8 /* Frameworks */,
				EA1E4A1922123B02002470D8 /* Resources */,
			);
			buildRules = (
			);
			dependencies = (
				EA1E4A1D22123B02002470D8 /* PBXTargetDependency */,
			);
			name = parstagramTests;
			productName = parstagramTests;
			productReference = EA1E4A1B22123B02002470D8 /* parstagramTests.xctest */;
			productType = "com.apple.product-type.bundle.unit-test";
		};
		EA1E4A2522123B02002470D8 /* parstagramUITests */ = {
			isa = PBXNativeTarget;
			buildConfigurationList = EA1E4A3522123B02002470D8 /* Build configuration list for PBXNativeTarget "parstagramUITests" */;
			buildPhases = (
				8017417A8EE4C51D797917B9 /* [CP] Check Pods Manifest.lock */,
				EA1E4A2222123B02002470D8 /* Sources */,
				EA1E4A2322123B02002470D8 /* Frameworks */,
				EA1E4A2422123B02002470D8 /* Resources */,
			);
			buildRules = (
			);
			dependencies = (
				EA1E4A2822123B02002470D8 /* PBXTargetDependency */,
			);
			name = parstagramUITests;
			productName = parstagramUITests;
			productReference = EA1E4A2622123B02002470D8 /* parstagramUITests.xctest */;
			productType = "com.apple.product-type.bundle.ui-testing";
		};
/* End PBXNativeTarget section */

/* Begin PBXProject section */
		EA1E49FF22123AFC002470D8 /* Project object */ = {
			isa = PBXProject;
			attributes = {
				LastSwiftUpdateCheck = 1010;
				LastUpgradeCheck = 1010;
				ORGANIZATIONNAME = "Alex Rich";
				TargetAttributes = {
					EA1E4A0622123AFD002470D8 = {
						CreatedOnToolsVersion = 10.1;
					};
					EA1E4A1A22123B02002470D8 = {
						CreatedOnToolsVersion = 10.1;
						TestTargetID = EA1E4A0622123AFD002470D8;
					};
					EA1E4A2522123B02002470D8 = {
						CreatedOnToolsVersion = 10.1;
						TestTargetID = EA1E4A0622123AFD002470D8;
					};
				};
			};
			buildConfigurationList = EA1E4A0222123AFC002470D8 /* Build configuration list for PBXProject "parstagram" */;
			compatibilityVersion = "Xcode 9.3";
			developmentRegion = en;
			hasScannedForEncodings = 0;
			knownRegions = (
				en,
				Base,
			);
			mainGroup = EA1E49FE22123AFC002470D8;
			productRefGroup = EA1E4A0822123AFD002470D8 /* Products */;
			projectDirPath = "";
			projectRoot = "";
			targets = (
				EA1E4A0622123AFD002470D8 /* parstagram */,
				EA1E4A1A22123B02002470D8 /* parstagramTests */,
				EA1E4A2522123B02002470D8 /* parstagramUITests */,
			);
		};
/* End PBXProject section */

/* Begin PBXResourcesBuildPhase section */
		EA1E4A0522123AFD002470D8 /* Resources */ = {
			isa = PBXResourcesBuildPhase;
			buildActionMask = 2147483647;
			files = (
				EA1E4A1522123B02002470D8 /* LaunchScreen.storyboard in Resources */,
				EA1E4A1222123B02002470D8 /* Assets.xcassets in Resources */,
				EA1E4A1022123AFD002470D8 /* Main.storyboard in Resources */,
			);
			runOnlyForDeploymentPostprocessing = 0;
		};
		EA1E4A1922123B02002470D8 /* Resources */ = {
			isa = PBXResourcesBuildPhase;
			buildActionMask = 2147483647;
			files = (
			);
			runOnlyForDeploymentPostprocessing = 0;
		};
		EA1E4A2422123B02002470D8 /* Resources */ = {
			isa = PBXResourcesBuildPhase;
			buildActionMask = 2147483647;
			files = (
			);
			runOnlyForDeploymentPostprocessing = 0;
		};
/* End PBXResourcesBuildPhase section */

/* Begin PBXShellScriptBuildPhase section */
		1A3330555D61592857512913 /* [CP] Embed Pods Frameworks */ = {
			isa = PBXShellScriptBuildPhase;
			buildActionMask = 2147483647;
			files = (
			);
			inputFileListPaths = (
			);
			inputPaths = (
				"${SRCROOT}/Pods/Target Support Files/Pods-parstagram/Pods-parstagram-frameworks.sh",
				"${BUILT_PRODUCTS_DIR}/Alamofire/Alamofire.framework",
				"${BUILT_PRODUCTS_DIR}/AlamofireImage/AlamofireImage.framework",
				"${BUILT_PRODUCTS_DIR}/Bolts/Bolts.framework",
				"${BUILT_PRODUCTS_DIR}/MessageInputBar/MessageInputBar.framework",
				"${BUILT_PRODUCTS_DIR}/Parse/Parse.framework",
			);
			name = "[CP] Embed Pods Frameworks";
			outputFileListPaths = (
			);
			outputPaths = (
				"${TARGET_BUILD_DIR}/${FRAMEWORKS_FOLDER_PATH}/Alamofire.framework",
				"${TARGET_BUILD_DIR}/${FRAMEWORKS_FOLDER_PATH}/AlamofireImage.framework",
				"${TARGET_BUILD_DIR}/${FRAMEWORKS_FOLDER_PATH}/Bolts.framework",
				"${TARGET_BUILD_DIR}/${FRAMEWORKS_FOLDER_PATH}/MessageInputBar.framework",
				"${TARGET_BUILD_DIR}/${FRAMEWORKS_FOLDER_PATH}/Parse.framework",
			);
			runOnlyForDeploymentPostprocessing = 0;
			shellPath = /bin/sh;
			shellScript = "\"${SRCROOT}/Pods/Target Support Files/Pods-parstagram/Pods-parstagram-frameworks.sh\"\n";
			showEnvVarsInLog = 0;
		};
		4D2836D1D27278CBEAB3D10C /* [CP] Check Pods Manifest.lock */ = {
			isa = PBXShellScriptBuildPhase;
			buildActionMask = 2147483647;
			files = (
			);
			inputFileListPaths = (
			);
			inputPaths = (
				"${PODS_PODFILE_DIR_PATH}/Podfile.lock",
				"${PODS_ROOT}/Manifest.lock",
			);
			name = "[CP] Check Pods Manifest.lock";
			outputFileListPaths = (
			);
			outputPaths = (
				"$(DERIVED_FILE_DIR)/Pods-parstagram-checkManifestLockResult.txt",
			);
			runOnlyForDeploymentPostprocessing = 0;
			shellPath = /bin/sh;
			shellScript = "diff \"${PODS_PODFILE_DIR_PATH}/Podfile.lock\" \"${PODS_ROOT}/Manifest.lock\" > /dev/null\nif [ $? != 0 ] ; then\n    # print error to STDERR\n    echo \"error: The sandbox is not in sync with the Podfile.lock. Run 'pod install' or update your CocoaPods installation.\" >&2\n    exit 1\nfi\n# This output is used by Xcode 'outputs' to avoid re-running this script phase.\necho \"SUCCESS\" > \"${SCRIPT_OUTPUT_FILE_0}\"\n";
			showEnvVarsInLog = 0;
		};
		8017417A8EE4C51D797917B9 /* [CP] Check Pods Manifest.lock */ = {
			isa = PBXShellScriptBuildPhase;
			buildActionMask = 2147483647;
			files = (
			);
			inputFileListPaths = (
			);
			inputPaths = (
				"${PODS_PODFILE_DIR_PATH}/Podfile.lock",
				"${PODS_ROOT}/Manifest.lock",
			);
			name = "[CP] Check Pods Manifest.lock";
			outputFileListPaths = (
			);
			outputPaths = (
				"$(DERIVED_FILE_DIR)/Pods-parstagramUITests-checkManifestLockResult.txt",
			);
			runOnlyForDeploymentPostprocessing = 0;
			shellPath = /bin/sh;
			shellScript = "diff \"${PODS_PODFILE_DIR_PATH}/Podfile.lock\" \"${PODS_ROOT}/Manifest.lock\" > /dev/null\nif [ $? != 0 ] ; then\n    # print error to STDERR\n    echo \"error: The sandbox is not in sync with the Podfile.lock. Run 'pod install' or update your CocoaPods installation.\" >&2\n    exit 1\nfi\n# This output is used by Xcode 'outputs' to avoid re-running this script phase.\necho \"SUCCESS\" > \"${SCRIPT_OUTPUT_FILE_0}\"\n";
			showEnvVarsInLog = 0;
		};
		D87A9A9A320D910E6FF0A5EA /* [CP] Check Pods Manifest.lock */ = {
			isa = PBXShellScriptBuildPhase;
			buildActionMask = 2147483647;
			files = (
			);
			inputFileListPaths = (
			);
			inputPaths = (
				"${PODS_PODFILE_DIR_PATH}/Podfile.lock",
				"${PODS_ROOT}/Manifest.lock",
			);
			name = "[CP] Check Pods Manifest.lock";
			outputFileListPaths = (
			);
			outputPaths = (
				"$(DERIVED_FILE_DIR)/Pods-parstagramTests-checkManifestLockResult.txt",
			);
			runOnlyForDeploymentPostprocessing = 0;
			shellPath = /bin/sh;
			shellScript = "diff \"${PODS_PODFILE_DIR_PATH}/Podfile.lock\" \"${PODS_ROOT}/Manifest.lock\" > /dev/null\nif [ $? != 0 ] ; then\n    # print error to STDERR\n    echo \"error: The sandbox is not in sync with the Podfile.lock. Run 'pod install' or update your CocoaPods installation.\" >&2\n    exit 1\nfi\n# This output is used by Xcode 'outputs' to avoid re-running this script phase.\necho \"SUCCESS\" > \"${SCRIPT_OUTPUT_FILE_0}\"\n";
			showEnvVarsInLog = 0;
		};
/* End PBXShellScriptBuildPhase section */

/* Begin PBXSourcesBuildPhase section */
		EA1E4A0322123AFD002470D8 /* Sources */ = {
			isa = PBXSourcesBuildPhase;
			buildActionMask = 2147483647;
			files = (
				EAE2A4A0222367C40012A4C5 /* PostCell.swift in Sources */,
				EA1E4A3922149E73002470D8 /* LoginViewController.swift in Sources */,
				EA1E4A3D2214A82C002470D8 /* CameraViewController.swift in Sources */,
				EA1E4A0D22123AFD002470D8 /* ViewController.swift in Sources */,
				EA1E4A3B22149E98002470D8 /* FeedViewController.swift in Sources */,
				EA1E4A0B22123AFD002470D8 /* AppDelegate.swift in Sources */,
				EAE2A49E222366B30012A4C5 /* CommentCell.swift in Sources */,
			);
			runOnlyForDeploymentPostprocessing = 0;
		};
		EA1E4A1722123B02002470D8 /* Sources */ = {
			isa = PBXSourcesBuildPhase;
			buildActionMask = 2147483647;
			files = (
				EA1E4A2022123B02002470D8 /* parstagramTests.swift in Sources */,
			);
			runOnlyForDeploymentPostprocessing = 0;
		};
		EA1E4A2222123B02002470D8 /* Sources */ = {
			isa = PBXSourcesBuildPhase;
			buildActionMask = 2147483647;
			files = (
				EA1E4A2B22123B02002470D8 /* parstagramUITests.swift in Sources */,
			);
			runOnlyForDeploymentPostprocessing = 0;
		};
/* End PBXSourcesBuildPhase section */

/* Begin PBXTargetDependency section */
		EA1E4A1D22123B02002470D8 /* PBXTargetDependency */ = {
			isa = PBXTargetDependency;
			target = EA1E4A0622123AFD002470D8 /* parstagram */;
			targetProxy = EA1E4A1C22123B02002470D8 /* PBXContainerItemProxy */;
		};
		EA1E4A2822123B02002470D8 /* PBXTargetDependency */ = {
			isa = PBXTargetDependency;
			target = EA1E4A0622123AFD002470D8 /* parstagram */;
			targetProxy = EA1E4A2722123B02002470D8 /* PBXContainerItemProxy */;
		};
/* End PBXTargetDependency section */

/* Begin PBXVariantGroup section */
		EA1E4A0E22123AFD002470D8 /* Main.storyboard */ = {
			isa = PBXVariantGroup;
			children = (
				EA1E4A0F22123AFD002470D8 /* Base */,
			);
			name = Main.storyboard;
			sourceTree = "<group>";
		};
		EA1E4A1322123B02002470D8 /* LaunchScreen.storyboard */ = {
			isa = PBXVariantGroup;
			children = (
				EA1E4A1422123B02002470D8 /* Base */,
			);
			name = LaunchScreen.storyboard;
			sourceTree = "<group>";
		};
/* End PBXVariantGroup section */

/* Begin XCBuildConfiguration section */
		EA1E4A2D22123B02002470D8 /* Debug */ = {
			isa = XCBuildConfiguration;
			buildSettings = {
				ALWAYS_SEARCH_USER_PATHS = NO;
				CLANG_ANALYZER_NONNULL = YES;
				CLANG_ANALYZER_NUMBER_OBJECT_CONVERSION = YES_AGGRESSIVE;
				CLANG_CXX_LANGUAGE_STANDARD = "gnu++14";
				CLANG_CXX_LIBRARY = "libc++";
				CLANG_ENABLE_MODULES = YES;
				CLANG_ENABLE_OBJC_ARC = YES;
				CLANG_ENABLE_OBJC_WEAK = YES;
				CLANG_WARN_BLOCK_CAPTURE_AUTORELEASING = YES;
				CLANG_WARN_BOOL_CONVERSION = YES;
				CLANG_WARN_COMMA = YES;
				CLANG_WARN_CONSTANT_CONVERSION = YES;
				CLANG_WARN_DEPRECATED_OBJC_IMPLEMENTATIONS = YES;
				CLANG_WARN_DIRECT_OBJC_ISA_USAGE = YES_ERROR;
				CLANG_WARN_DOCUMENTATION_COMMENTS = YES;
				CLANG_WARN_EMPTY_BODY = YES;
				CLANG_WARN_ENUM_CONVERSION = YES;
				CLANG_WARN_INFINITE_RECURSION = YES;
				CLANG_WARN_INT_CONVERSION = YES;
				CLANG_WARN_NON_LITERAL_NULL_CONVERSION = YES;
				CLANG_WARN_OBJC_IMPLICIT_RETAIN_SELF = YES;
				CLANG_WARN_OBJC_LITERAL_CONVERSION = YES;
				CLANG_WARN_OBJC_ROOT_CLASS = YES_ERROR;
				CLANG_WARN_RANGE_LOOP_ANALYSIS = YES;
				CLANG_WARN_STRICT_PROTOTYPES = YES;
				CLANG_WARN_SUSPICIOUS_MOVE = YES;
				CLANG_WARN_UNGUARDED_AVAILABILITY = YES_AGGRESSIVE;
				CLANG_WARN_UNREACHABLE_CODE = YES;
				CLANG_WARN__DUPLICATE_METHOD_MATCH = YES;
				CODE_SIGN_IDENTITY = "iPhone Developer";
				COPY_PHASE_STRIP = NO;
				DEBUG_INFORMATION_FORMAT = dwarf;
				ENABLE_STRICT_OBJC_MSGSEND = YES;
				ENABLE_TESTABILITY = YES;
				GCC_C_LANGUAGE_STANDARD = gnu11;
				GCC_DYNAMIC_NO_PIC = NO;
				GCC_NO_COMMON_BLOCKS = YES;
				GCC_OPTIMIZATION_LEVEL = 0;
				GCC_PREPROCESSOR_DEFINITIONS = (
					"DEBUG=1",
					"$(inherited)",
				);
				GCC_WARN_64_TO_32_BIT_CONVERSION = YES;
				GCC_WARN_ABOUT_RETURN_TYPE = YES_ERROR;
				GCC_WARN_UNDECLARED_SELECTOR = YES;
				GCC_WARN_UNINITIALIZED_AUTOS = YES_AGGRESSIVE;
				GCC_WARN_UNUSED_FUNCTION = YES;
				GCC_WARN_UNUSED_VARIABLE = YES;
				IPHONEOS_DEPLOYMENT_TARGET = 12.1;
				MTL_ENABLE_DEBUG_INFO = INCLUDE_SOURCE;
				MTL_FAST_MATH = YES;
				ONLY_ACTIVE_ARCH = YES;
				SDKROOT = iphoneos;
				SWIFT_ACTIVE_COMPILATION_CONDITIONS = DEBUG;
				SWIFT_OPTIMIZATION_LEVEL = "-Onone";
			};
			name = Debug;
		};
		EA1E4A2E22123B02002470D8 /* Release */ = {
			isa = XCBuildConfiguration;
			buildSettings = {
				ALWAYS_SEARCH_USER_PATHS = NO;
				CLANG_ANALYZER_NONNULL = YES;
				CLANG_ANALYZER_NUMBER_OBJECT_CONVERSION = YES_AGGRESSIVE;
				CLANG_CXX_LANGUAGE_STANDARD = "gnu++14";
				CLANG_CXX_LIBRARY = "libc++";
				CLANG_ENABLE_MODULES = YES;
				CLANG_ENABLE_OBJC_ARC = YES;
				CLANG_ENABLE_OBJC_WEAK = YES;
				CLANG_WARN_BLOCK_CAPTURE_AUTORELEASING = YES;
				CLANG_WARN_BOOL_CONVERSION = YES;
				CLANG_WARN_COMMA = YES;
				CLANG_WARN_CONSTANT_CONVERSION = YES;
				CLANG_WARN_DEPRECATED_OBJC_IMPLEMENTATIONS = YES;
				CLANG_WARN_DIRECT_OBJC_ISA_USAGE = YES_ERROR;
				CLANG_WARN_DOCUMENTATION_COMMENTS = YES;
				CLANG_WARN_EMPTY_BODY = YES;
				CLANG_WARN_ENUM_CONVERSION = YES;
				CLANG_WARN_INFINITE_RECURSION = YES;
				CLANG_WARN_INT_CONVERSION = YES;
				CLANG_WARN_NON_LITERAL_NULL_CONVERSION = YES;
				CLANG_WARN_OBJC_IMPLICIT_RETAIN_SELF = YES;
				CLANG_WARN_OBJC_LITERAL_CONVERSION = YES;
				CLANG_WARN_OBJC_ROOT_CLASS = YES_ERROR;
				CLANG_WARN_RANGE_LOOP_ANALYSIS = YES;
				CLANG_WARN_STRICT_PROTOTYPES = YES;
				CLANG_WARN_SUSPICIOUS_MOVE = YES;
				CLANG_WARN_UNGUARDED_AVAILABILITY = YES_AGGRESSIVE;
				CLANG_WARN_UNREACHABLE_CODE = YES;
				CLANG_WARN__DUPLICATE_METHOD_MATCH = YES;
				CODE_SIGN_IDENTITY = "iPhone Developer";
				COPY_PHASE_STRIP = NO;
				DEBUG_INFORMATION_FORMAT = "dwarf-with-dsym";
				ENABLE_NS_ASSERTIONS = NO;
				ENABLE_STRICT_OBJC_MSGSEND = YES;
				GCC_C_LANGUAGE_STANDARD = gnu11;
				GCC_NO_COMMON_BLOCKS = YES;
				GCC_WARN_64_TO_32_BIT_CONVERSION = YES;
				GCC_WARN_ABOUT_RETURN_TYPE = YES_ERROR;
				GCC_WARN_UNDECLARED_SELECTOR = YES;
				GCC_WARN_UNINITIALIZED_AUTOS = YES_AGGRESSIVE;
				GCC_WARN_UNUSED_FUNCTION = YES;
				GCC_WARN_UNUSED_VARIABLE = YES;
				IPHONEOS_DEPLOYMENT_TARGET = 12.1;
				MTL_ENABLE_DEBUG_INFO = NO;
				MTL_FAST_MATH = YES;
				SDKROOT = iphoneos;
				SWIFT_COMPILATION_MODE = wholemodule;
				SWIFT_OPTIMIZATION_LEVEL = "-O";
				VALIDATE_PRODUCT = YES;
			};
			name = Release;
		};
		EA1E4A3022123B02002470D8 /* Debug */ = {
			isa = XCBuildConfiguration;
			baseConfigurationReference = 3ABEEFB60AC187F8AADAACCF /* Pods-parstagram.debug.xcconfig */;
			buildSettings = {
				ASSETCATALOG_COMPILER_APPICON_NAME = AppIcon;
				CODE_SIGN_STYLE = Automatic;
				INFOPLIST_FILE = parstagram/Info.plist;
				LD_RUNPATH_SEARCH_PATHS = (
					"$(inherited)",
					"@executable_path/Frameworks",
				);
				PRODUCT_BUNDLE_IDENTIFIER = com.arich00.parstagram;
				PRODUCT_NAME = "$(TARGET_NAME)";
				SWIFT_VERSION = 4.2;
				TARGETED_DEVICE_FAMILY = "1,2";
			};
			name = Debug;
		};
		EA1E4A3122123B02002470D8 /* Release */ = {
			isa = XCBuildConfiguration;
			baseConfigurationReference = F4FE80FF6594F30FC37E6929 /* Pods-parstagram.release.xcconfig */;
			buildSettings = {
				ASSETCATALOG_COMPILER_APPICON_NAME = AppIcon;
				CODE_SIGN_STYLE = Automatic;
				INFOPLIST_FILE = parstagram/Info.plist;
				LD_RUNPATH_SEARCH_PATHS = (
					"$(inherited)",
					"@executable_path/Frameworks",
				);
				PRODUCT_BUNDLE_IDENTIFIER = com.arich00.parstagram;
				PRODUCT_NAME = "$(TARGET_NAME)";
				SWIFT_VERSION = 4.2;
				TARGETED_DEVICE_FAMILY = "1,2";
			};
			name = Release;
		};
		EA1E4A3322123B02002470D8 /* Debug */ = {
			isa = XCBuildConfiguration;
			baseConfigurationReference = C6ABC3B24F85A60285E2181A /* Pods-parstagramTests.debug.xcconfig */;
			buildSettings = {
				ALWAYS_EMBED_SWIFT_STANDARD_LIBRARIES = YES;
				BUNDLE_LOADER = "$(TEST_HOST)";
				CODE_SIGN_STYLE = Automatic;
				INFOPLIST_FILE = parstagramTests/Info.plist;
				LD_RUNPATH_SEARCH_PATHS = (
					"$(inherited)",
					"@executable_path/Frameworks",
					"@loader_path/Frameworks",
				);
				PRODUCT_BUNDLE_IDENTIFIER = com.arich00.parstagramTests;
				PRODUCT_NAME = "$(TARGET_NAME)";
				SWIFT_VERSION = 4.2;
				TARGETED_DEVICE_FAMILY = "1,2";
				TEST_HOST = "$(BUILT_PRODUCTS_DIR)/parstagram.app/parstagram";
			};
			name = Debug;
		};
		EA1E4A3422123B02002470D8 /* Release */ = {
			isa = XCBuildConfiguration;
			baseConfigurationReference = B6F8BD84B7B3D3EE1FC754B7 /* Pods-parstagramTests.release.xcconfig */;
			buildSettings = {
				ALWAYS_EMBED_SWIFT_STANDARD_LIBRARIES = YES;
				BUNDLE_LOADER = "$(TEST_HOST)";
				CODE_SIGN_STYLE = Automatic;
				INFOPLIST_FILE = parstagramTests/Info.plist;
				LD_RUNPATH_SEARCH_PATHS = (
					"$(inherited)",
					"@executable_path/Frameworks",
					"@loader_path/Frameworks",
				);
				PRODUCT_BUNDLE_IDENTIFIER = com.arich00.parstagramTests;
				PRODUCT_NAME = "$(TARGET_NAME)";
				SWIFT_VERSION = 4.2;
				TARGETED_DEVICE_FAMILY = "1,2";
				TEST_HOST = "$(BUILT_PRODUCTS_DIR)/parstagram.app/parstagram";
			};
			name = Release;
		};
		EA1E4A3622123B02002470D8 /* Debug */ = {
			isa = XCBuildConfiguration;
			baseConfigurationReference = 24FCE096B26919ADDEE29FFD /* Pods-parstagramUITests.debug.xcconfig */;
			buildSettings = {
				ALWAYS_EMBED_SWIFT_STANDARD_LIBRARIES = YES;
				CODE_SIGN_STYLE = Automatic;
				INFOPLIST_FILE = parstagramUITests/Info.plist;
				LD_RUNPATH_SEARCH_PATHS = (
					"$(inherited)",
					"@executable_path/Frameworks",
					"@loader_path/Frameworks",
				);
				PRODUCT_BUNDLE_IDENTIFIER = com.arich00.parstagramUITests;
				PRODUCT_NAME = "$(TARGET_NAME)";
				SWIFT_VERSION = 4.2;
				TARGETED_DEVICE_FAMILY = "1,2";
				TEST_TARGET_NAME = parstagram;
			};
			name = Debug;
		};
		EA1E4A3722123B02002470D8 /* Release */ = {
			isa = XCBuildConfiguration;
			baseConfigurationReference = DE256C92EC4AABE9B1C28059 /* Pods-parstagramUITests.release.xcconfig */;
			buildSettings = {
				ALWAYS_EMBED_SWIFT_STANDARD_LIBRARIES = YES;
				CODE_SIGN_STYLE = Automatic;
				INFOPLIST_FILE = parstagramUITests/Info.plist;
				LD_RUNPATH_SEARCH_PATHS = (
					"$(inherited)",
					"@executable_path/Frameworks",
					"@loader_path/Frameworks",
				);
				PRODUCT_BUNDLE_IDENTIFIER = com.arich00.parstagramUITests;
				PRODUCT_NAME = "$(TARGET_NAME)";
				SWIFT_VERSION = 4.2;
				TARGETED_DEVICE_FAMILY = "1,2";
				TEST_TARGET_NAME = parstagram;
			};
			name = Release;
		};
/* End XCBuildConfiguration section */

/* Begin XCConfigurationList section */
		EA1E4A0222123AFC002470D8 /* Build configuration list for PBXProject "parstagram" */ = {
			isa = XCConfigurationList;
			buildConfigurations = (
				EA1E4A2D22123B02002470D8 /* Debug */,
				EA1E4A2E22123B02002470D8 /* Release */,
			);
			defaultConfigurationIsVisible = 0;
			defaultConfigurationName = Release;
		};
		EA1E4A2F22123B02002470D8 /* Build configuration list for PBXNativeTarget "parstagram" */ = {
			isa = XCConfigurationList;
			buildConfigurations = (
				EA1E4A3022123B02002470D8 /* Debug */,
				EA1E4A3122123B02002470D8 /* Release */,
			);
			defaultConfigurationIsVisible = 0;
			defaultConfigurationName = Release;
		};
		EA1E4A3222123B02002470D8 /* Build configuration list for PBXNativeTarget "parstagramTests" */ = {
			isa = XCConfigurationList;
			buildConfigurations = (
				EA1E4A3322123B02002470D8 /* Debug */,
				EA1E4A3422123B02002470D8 /* Release */,
			);
			defaultConfigurationIsVisible = 0;
			defaultConfigurationName = Release;
		};
		EA1E4A3522123B02002470D8 /* Build configuration list for PBXNativeTarget "parstagramUITests" */ = {
			isa = XCConfigurationList;
			buildConfigurations = (
				EA1E4A3622123B02002470D8 /* Debug */,
				EA1E4A3722123B02002470D8 /* Release */,
			);
			defaultConfigurationIsVisible = 0;
			defaultConfigurationName = Release;
		};
/* End XCConfigurationList section */
	};
	rootObject = EA1E49FF22123AFC002470D8 /* Project object */;
}
